Microsoft Visual Studio Solution File, Format Version 12.00
# Visual Studio Version 17
VisualStudioVersion = 17.0.31903.59
MinimumVisualStudioVersion = 10.0.40219.1
Project("{FAE04EC0-301F-11D3-BF4B-00C04F79EFBC}") = "MX.Caching.Abstractions", "MX.Caching.Abstractions\MX.Caching.Abstractions.csproj", "{A2E73A2A-61C5-4B84-BBCE-0D99A36C5B58}"
EndProject
Project("{FAE04EC0-301F-11D3-BF4B-00C04F79EFBC}") = "MX.Caching", "MX.Caching\MX.Caching.csproj", "{EF5C561B-CB74-464C-97D1-0F9360FCFA67}"
EndProject
Project("{FAE04EC0-301F-11D3-BF4B-00C04F79EFBC}") = "MX.Caching.TableStorage", "MX.Caching.TableStorage\MX.Caching.TableStorage.csproj", "{6BEEBD23-0DAD-46EE-950A-03F90F70F3AF}"
EndProject
Project("{FAE04EC0-301F-11D3-BF4B-00C04F79EFBC}") = "MX.Caching.Testing", "MX.Caching.Testing\MX.Caching.Testing.csproj", "{6815D936-2FA0-4437-9D39-D101417E6339}"
EndProject
Project("{FAE04EC0-301F-11D3-BF4B-00C04F79EFBC}") = "MX.Caching.Tests", "MX.Caching.Tests\MX.Caching.Tests.csproj", "{2BFE3DDE-9F6E-43B5-89B3-5AAC2B8DCD69}"
EndProject
Project("{FAE04EC0-301F-11D3-BF4B-00C04F79EFBC}") = "MX.Caching.IntegrationTests", "MX.Caching.IntegrationTests\MX.Caching.IntegrationTests.csproj", "{4D59B7C2-3D82-496F-99B6-203C625497CB}"
EndProject
Global
	GlobalSection(SolutionConfigurationPlatforms) = preSolution
		Debug|Any CPU = Debug|Any CPU
		Release|Any CPU = Release|Any CPU
	EndGlobalSection
	GlobalSection(ProjectConfigurationPlatforms) = postSolution
		{A2E73A2A-61C5-4B84-BBCE-0D99A36C5B58}.Debug|Any CPU.ActiveCfg = Debug|Any CPU
		{A2E73A2A-61C5-4B84-BBCE-0D99A36C5B58}.Debug|Any CPU.Build.0 = Debug|Any CPU
		{A2E73A2A-61C5-4B84-BBCE-0D99A36C5B58}.Release|Any CPU.ActiveCfg = Release|Any CPU
		{A2E73A2A-61C5-4B84-BBCE-0D99A36C5B58}.Release|Any CPU.Build.0 = Release|Any CPU
		{EF5C561B-CB74-464C-97D1-0F9360FCFA67}.Debug|Any CPU.ActiveCfg = Debug|Any CPU
		{EF5C561B-CB74-464C-97D1-0F9360FCFA67}.Debug|Any CPU.Build.0 = Debug|Any CPU
		{EF5C561B-CB74-464C-97D1-0F9360FCFA67}.Release|Any CPU.ActiveCfg = Release|Any CPU
		{EF5C561B-CB74-464C-97D1-0F9360FCFA67}.Release|Any CPU.Build.0 = Release|Any CPU
		{6BEEBD23-0DAD-46EE-950A-03F90F70F3AF}.Debug|Any CPU.ActiveCfg = Debug|Any CPU
		{6BEEBD23-0DAD-46EE-950A-03F90F70F3AF}.Debug|Any CPU.Build.0 = Debug|Any CPU
		{6BEEBD23-0DAD-46EE-950A-03F90F70F3AF}.Release|Any CPU.ActiveCfg = Release|Any CPU
		{6BEEBD23-0DAD-46EE-950A-03F90F70F3AF}.Release|Any CPU.Build.0 = Release|Any CPU
		{6815D936-2FA0-4437-9D39-D101417E6339}.Debug|Any CPU.ActiveCfg = Debug|Any CPU
		{6815D936-2FA0-4437-9D39-D101417E6339}.Debug|Any CPU.Build.0 = Debug|Any CPU
		{6815D936-2FA0-4437-9D39-D101417E6339}.Release|Any CPU.ActiveCfg = Release|Any CPU
		{6815D936-2FA0-4437-9D39-D101417E6339}.Release|Any CPU.Build.0 = Release|Any CPU
		{2BFE3DDE-9F6E-43B5-89B3-5AAC2B8DCD69}.Debug|Any CPU.ActiveCfg = Debug|Any CPU
		{2BFE3DDE-9F6E-43B5-89B3-5AAC2B8DCD69}.Debug|Any CPU.Build.0 = Debug|Any CPU
		{2BFE3DDE-9F6E-43B5-89B3-5AAC2B8DCD69}.Release|Any CPU.ActiveCfg = Release|Any CPU
		{2BFE3DDE-9F6E-43B5-89B3-5AAC2B8DCD69}.Release|Any CPU.Build.0 = Release|Any CPU
		{4D59B7C2-3D82-496F-99B6-203C625497CB}.Debug|Any CPU.ActiveCfg = Debug|Any CPU
		{4D59B7C2-3D82-496F-99B6-203C625497CB}.Debug|Any CPU.Build.0 = Debug|Any CPU
		{4D59B7C2-3D82-496F-99B6-203C625497CB}.Release|Any CPU.ActiveCfg = Release|Any CPU
		{4D59B7C2-3D82-496F-99B6-203C625497CB}.Release|Any CPU.Build.0 = Release|Any CPU
	EndGlobalSection
EndGlobal
